// !$*UTF8*$!
{
	archiveVersion = 1;
	classes = {
	};
	objectVersion = 55;
	objects = {

/* Begin PBXBuildFile section */
		6D511308276E1692009C01B1 /* AppDelegate.swift in Sources */ = {isa = PBXBuildFile; fileRef = 6D511307276E1692009C01B1 /* AppDelegate.swift */; };
		6D51130A276E1692009C01B1 /* SceneDelegate.swift in Sources */ = {isa = PBXBuildFile; fileRef = 6D511309276E1692009C01B1 /* SceneDelegate.swift */; };
		6D51130C276E1692009C01B1 /* LoginViewController.swift in Sources */ = {isa = PBXBuildFile; fileRef = 6D51130B276E1692009C01B1 /* LoginViewController.swift */; };
		6D51130F276E1692009C01B1 /* Main.storyboard in Resources */ = {isa = PBXBuildFile; fileRef = 6D51130D276E1692009C01B1 /* Main.storyboard */; };
		6D511311276E1694009C01B1 /* Assets.xcassets in Resources */ = {isa = PBXBuildFile; fileRef = 6D511310276E1694009C01B1 /* Assets.xcassets */; };
		6D511314276E1694009C01B1 /* LaunchScreen.storyboard in Resources */ = {isa = PBXBuildFile; fileRef = 6D511312276E1694009C01B1 /* LaunchScreen.storyboard */; };
		6D511320276E335A009C01B1 /* GradientForView.swift in Sources */ = {isa = PBXBuildFile; fileRef = 6D51131F276E335A009C01B1 /* GradientForView.swift */; };
		6D511322276E8F2B009C01B1 /* WelcomeViewController.swift in Sources */ = {isa = PBXBuildFile; fileRef = 6D511321276E8F2B009C01B1 /* WelcomeViewController.swift */; };
		6DA260782783B1C300E610DC /* User.swift in Sources */ = {isa = PBXBuildFile; fileRef = 6DA260772783B1C300E610DC /* User.swift */; };
		6DA2607A2783B20500E610DC /* Person.swift in Sources */ = {isa = PBXBuildFile; fileRef = 6DA260792783B20500E610DC /* Person.swift */; };
		6DA2607D2783C53C00E610DC /* PersonViewController.swift in Sources */ = {isa = PBXBuildFile; fileRef = 6DA2607C2783C53C00E610DC /* PersonViewController.swift */; };
		6DA2607F2783CD3C00E610DC /* AboutMeViewController.swift in Sources */ = {isa = PBXBuildFile; fileRef = 6DA2607E2783CD3C00E610DC /* AboutMeViewController.swift */; };
/* End PBXBuildFile section */

/* Begin PBXFileReference section */
		6D511304276E1692009C01B1 /* LogInLogOut.app */ = {isa = PBXFileReference; explicitFileType = wrapper.application; includeInIndex = 0; path = LogInLogOut.app; sourceTree = BUILT_PRODUCTS_DIR; };
		6D511307276E1692009C01B1 /* AppDelegate.swift */ = {isa = PBXFileReference; lastKnownFileType = sourcecode.swift; path = AppDelegate.swift; sourceTree = "<group>"; };
		6D511309276E1692009C01B1 /* SceneDelegate.swift */ = {isa = PBXFileReference; lastKnownFileType = sourcecode.swift; path = SceneDelegate.swift; sourceTree = "<group>"; };
		6D51130B276E1692009C01B1 /* LoginViewController.swift */ = {isa = PBXFileReference; lastKnownFileType = sourcecode.swift; path = LoginViewController.swift; sourceTree = "<group>"; };
		6D51130E276E1692009C01B1 /* Base */ = {isa = PBXFileReference; lastKnownFileType = file.storyboard; name = Base; path = Base.lproj/Main.storyboard; sourceTree = "<group>"; };
		6D511310276E1694009C01B1 /* Assets.xcassets */ = {isa = PBXFileReference; lastKnownFileType = folder.assetcatalog; path = Assets.xcassets; sourceTree = "<group>"; };
		6D511313276E1694009C01B1 /* Base */ = {isa = PBXFileReference; lastKnownFileType = file.storyboard; name = Base; path = Base.lproj/LaunchScreen.storyboard; sourceTree = "<group>"; };
		6D511315276E1694009C01B1 /* Info.plist */ = {isa = PBXFileReference; lastKnownFileType = text.plist.xml; path = Info.plist; sourceTree = "<group>"; };
		6D51131F276E335A009C01B1 /* GradientForView.swift */ = {isa = PBXFileReference; lastKnownFileType = sourcecode.swift; path = GradientForView.swift; sourceTree = "<group>"; };
		6D511321276E8F2B009C01B1 /* WelcomeViewController.swift */ = {isa = PBXFileReference; fileEncoding = 4; lastKnownFileType = sourcecode.swift; path = WelcomeViewController.swift; sourceTree = "<group>"; };
		6DA260772783B1C300E610DC /* User.swift */ = {isa = PBXFileReference; lastKnownFileType = sourcecode.swift; path = User.swift; sourceTree = "<group>"; };
		6DA260792783B20500E610DC /* Person.swift */ = {isa = PBXFileReference; lastKnownFileType = sourcecode.swift; path = Person.swift; sourceTree = "<group>"; };
		6DA2607C2783C53C00E610DC /* PersonViewController.swift */ = {isa = PBXFileReference; lastKnownFileType = sourcecode.swift; path = PersonViewController.swift; sourceTree = "<group>"; };
		6DA2607E2783CD3C00E610DC /* AboutMeViewController.swift */ = {isa = PBXFileReference; lastKnownFileType = sourcecode.swift; path = AboutMeViewController.swift; sourceTree = "<group>"; };
/* End PBXFileReference section */

/* Begin PBXFrameworksBuildPhase section */
		6D511301276E1692009C01B1 /* Frameworks */ = {
			isa = PBXFrameworksBuildPhase;
			buildActionMask = 2147483647;
			files = (
			);
			runOnlyForDeploymentPostprocessing = 0;
		};
/* End PBXFrameworksBuildPhase section */

/* Begin PBXGroup section */
		6D5112FB276E1692009C01B1 = {
			isa = PBXGroup;
			children = (
				6D511306276E1692009C01B1 /* LogInLogOut */,
				6D511305276E1692009C01B1 /* Products */,
			);
			sourceTree = "<group>";
		};
		6D511305276E1692009C01B1 /* Products */ = {
			isa = PBXGroup;
			children = (
				6D511304276E1692009C01B1 /* LogInLogOut.app */,
			);
			name = Products;
			sourceTree = "<group>";
		};
		6D511306276E1692009C01B1 /* LogInLogOut */ = {
			isa = PBXGroup;
			children = (
				6DA2607B2783C2A700E610DC /* Helpers */,
				6DA260732783A62D00E610DC /* Models */,
				6DA260722783A61A00E610DC /* ViewControllers */,
				6DA260742783A64D00E610DC /* Storyboards */,
				6DA260762783A67D00E610DC /* App */,
				6DA260752783A66300E610DC /* Resources */,
			);
			path = LogInLogOut;
			sourceTree = "<group>";
		};
		6DA260722783A61A00E610DC /* ViewControllers */ = {
			isa = PBXGroup;
			children = (
				6D511321276E8F2B009C01B1 /* WelcomeViewController.swift */,
				6D51130B276E1692009C01B1 /* LoginViewController.swift */,
				6DA2607C2783C53C00E610DC /* PersonViewController.swift */,
				6DA2607E2783CD3C00E610DC /* AboutMeViewController.swift */,
			);
			path = ViewControllers;
			sourceTree = "<group>";
		};
		6DA260732783A62D00E610DC /* Models */ = {
			isa = PBXGroup;
			children = (
				6DA260772783B1C300E610DC /* User.swift */,
				6DA260792783B20500E610DC /* Person.swift */,
			);
			path = Models;
			sourceTree = "<group>";
		};
		6DA260742783A64D00E610DC /* Storyboards */ = {
			isa = PBXGroup;
			children = (
				6D51130D276E1692009C01B1 /* Main.storyboard */,
				6D511312276E1694009C01B1 /* LaunchScreen.storyboard */,
			);
			path = Storyboards;
			sourceTree = "<group>";
		};
		6DA260752783A66300E610DC /* Resources */ = {
			isa = PBXGroup;
			children = (
				6D511310276E1694009C01B1 /* Assets.xcassets */,
			);
			path = Resources;
			sourceTree = "<group>";
		};
		6DA260762783A67D00E610DC /* App */ = {
			isa = PBXGroup;
			children = (
				6D511307276E1692009C01B1 /* AppDelegate.swift */,
				6D511309276E1692009C01B1 /* SceneDelegate.swift */,
				6D511315276E1694009C01B1 /* Info.plist */,
			);
			path = App;
			sourceTree = "<group>";
		};
		6DA2607B2783C2A700E610DC /* Helpers */ = {
			isa = PBXGroup;
			children = (
				6D51131F276E335A009C01B1 /* GradientForView.swift */,
			);
			path = Helpers;
			sourceTree = "<group>";
		};
/* End PBXGroup section */

/* Begin PBXNativeTarget section */
		6D511303276E1692009C01B1 /* LogInLogOut */ = {
			isa = PBXNativeTarget;
			buildConfigurationList = 6D511318276E1694009C01B1 /* Build configuration list for PBXNativeTarget "LogInLogOut" */;
			buildPhases = (
				6D511300276E1692009C01B1 /* Sources */,
				6D511301276E1692009C01B1 /* Frameworks */,
				6D511302276E1692009C01B1 /* Resources */,
			);
			buildRules = (
			);
			dependencies = (
			);
			name = LogInLogOut;
			productName = LogInLogOut;
			productReference = 6D511304276E1692009C01B1 /* LogInLogOut.app */;
			productType = "com.apple.product-type.application";
		};
/* End PBXNativeTarget section */

/* Begin PBXProject section */
		6D5112FC276E1692009C01B1 /* Project object */ = {
			isa = PBXProject;
			attributes = {
				BuildIndependentTargetsInParallel = 1;
				LastSwiftUpdateCheck = 1320;
				LastUpgradeCheck = 1320;
				TargetAttributes = {
					6D511303276E1692009C01B1 = {
						CreatedOnToolsVersion = 13.2;
					};
				};
			};
			buildConfigurationList = 6D5112FF276E1692009C01B1 /* Build configuration list for PBXProject "LogInLogOut" */;
			compatibilityVersion = "Xcode 13.0";
			developmentRegion = en;
			hasScannedForEncodings = 0;
			knownRegions = (
				en,
				Base,
			);
			mainGroup = 6D5112FB276E1692009C01B1;
			productRefGroup = 6D511305276E1692009C01B1 /* Products */;
			projectDirPath = "";
			projectRoot = "";
			targets = (
				6D511303276E1692009C01B1 /* LogInLogOut */,
			);
		};
/* End PBXProject section */

/* Begin PBXResourcesBuildPhase section */
		6D511302276E1692009C01B1 /* Resources */ = {
			isa = PBXResourcesBuildPhase;
			buildActionMask = 2147483647;
			files = (
				6D511314276E1694009C01B1 /* LaunchScreen.storyboard in Resources */,
				6D511311276E1694009C01B1 /* Assets.xcassets in Resources */,
				6D51130F276E1692009C01B1 /* Main.storyboard in Resources */,
			);
			runOnlyForDeploymentPostprocessing = 0;
		};
/* End PBXResourcesBuildPhase section */

/* Begin PBXSourcesBuildPhase section */
		6D511300276E1692009C01B1 /* Sources */ = {
			isa = PBXSourcesBuildPhase;
			buildActionMask = 2147483647;
			files = (
				6D511320276E335A009C01B1 /* GradientForView.swift in Sources */,
				6D511322276E8F2B009C01B1 /* WelcomeViewController.swift in Sources */,
				6DA260782783B1C300E610DC /* User.swift in Sources */,
				6DA2607D2783C53C00E610DC /* PersonViewController.swift in Sources */,
				6D51130C276E1692009C01B1 /* LoginViewController.swift in Sources */,
				6DA2607A2783B20500E610DC /* Person.swift in Sources */,
				6D511308276E1692009C01B1 /* AppDelegate.swift in Sources */,
				6DA2607F2783CD3C00E610DC /* AboutMeViewController.swift in Sources */,
				6D51130A276E1692009C01B1 /* SceneDelegate.swift in Sources */,
			);
			runOnlyForDeploymentPostprocessing = 0;
		};
/* End PBXSourcesBuildPhase section */

/* Begin PBXVariantGroup section */
		6D51130D276E1692009C01B1 /* Main.storyboard */ = {
			isa = PBXVariantGroup;
			children = (
				6D51130E276E1692009C01B1 /* Base */,
			);
			name = Main.storyboard;
			sourceTree = "<group>";
		};
		6D511312276E1694009C01B1 /* LaunchScreen.storyboard */ = {
			isa = PBXVariantGroup;
			children = (
				6D511313276E1694009C01B1 /* Base */,
			);
			name = LaunchScreen.storyboard;
			sourceTree = "<group>";
		};
/* End PBXVariantGroup section */

/* Begin XCBuildConfiguration section */
		6D511316276E1694009C01B1 /* Debug */ = {
			isa = XCBuildConfiguration;
			buildSettings = {
				ALWAYS_SEARCH_USER_PATHS = NO;
				CLANG_ANALYZER_NONNULL = YES;
				CLANG_ANALYZER_NUMBER_OBJECT_CONVERSION = YES_AGGRESSIVE;
				CLANG_CXX_LANGUAGE_STANDARD = "gnu++17";
				CLANG_CXX_LIBRARY = "libc++";
				CLANG_ENABLE_MODULES = YES;
				CLANG_ENABLE_OBJC_ARC = YES;
				CLANG_ENABLE_OBJC_WEAK = YES;
				CLANG_WARN_BLOCK_CAPTURE_AUTORELEASING = YES;
				CLANG_WARN_BOOL_CONVERSION = YES;
				CLANG_WARN_COMMA = YES;
				CLANG_WARN_CONSTANT_CONVERSION = YES;
				CLANG_WARN_DEPRECATED_OBJC_IMPLEMENTATIONS = YES;
				CLANG_WARN_DIRECT_OBJC_ISA_USAGE = YES_ERROR;
				CLANG_WARN_DOCUMENTATION_COMMENTS = YES;
				CLANG_WARN_EMPTY_BODY = YES;
				CLANG_WARN_ENUM_CONVERSION = YES;
				CLANG_WARN_INFINITE_RECURSION = YES;
				CLANG_WARN_INT_CONVERSION = YES;
				CLANG_WARN_NON_LITERAL_NULL_CONVERSION = YES;
				CLANG_WARN_OBJC_IMPLICIT_RETAIN_SELF = YES;
				CLANG_WARN_OBJC_LITERAL_CONVERSION = YES;
				CLANG_WARN_OBJC_ROOT_CLASS = YES_ERROR;
				CLANG_WARN_QUOTED_INCLUDE_IN_FRAMEWORK_HEADER = YES;
				CLANG_WARN_RANGE_LOOP_ANALYSIS = YES;
				CLANG_WARN_STRICT_PROTOTYPES = YES;
				CLANG_WARN_SUSPICIOUS_MOVE = YES;
				CLANG_WARN_UNGUARDED_AVAILABILITY = YES_AGGRESSIVE;
				CLANG_WARN_UNREACHABLE_CODE = YES;
				CLANG_WARN__DUPLICATE_METHOD_MATCH = YES;
				COPY_PHASE_STRIP = NO;
				DEBUG_INFORMATION_FORMAT = dwarf;
				ENABLE_STRICT_OBJC_MSGSEND = YES;
				ENABLE_TESTABILITY = YES;
				GCC_C_LANGUAGE_STANDARD = gnu11;
				GCC_DYNAMIC_NO_PIC = NO;
				GCC_NO_COMMON_BLOCKS = YES;
				GCC_OPTIMIZATION_LEVEL = 0;
				GCC_PREPROCESSOR_DEFINITIONS = (
					"DEBUG=1",
					"$(inherited)",
				);
				GCC_WARN_64_TO_32_BIT_CONVERSION = YES;
				GCC_WARN_ABOUT_RETURN_TYPE = YES_ERROR;
				GCC_WARN_UNDECLARED_SELECTOR = YES;
				GCC_WARN_UNINITIALIZED_AUTOS = YES_AGGRESSIVE;
				GCC_WARN_UNUSED_FUNCTION = YES;
				GCC_WARN_UNUSED_VARIABLE = YES;
				IPHONEOS_DEPLOYMENT_TARGET = 15.2;
				MTL_ENABLE_DEBUG_INFO = INCLUDE_SOURCE;
				MTL_FAST_MATH = YES;
				ONLY_ACTIVE_ARCH = YES;
				SDKROOT = iphoneos;
				SWIFT_ACTIVE_COMPILATION_CONDITIONS = DEBUG;
				SWIFT_OPTIMIZATION_LEVEL = "-Onone";
			};
			name = Debug;
		};
		6D511317276E1694009C01B1 /* Release */ = {
			isa = XCBuildConfiguration;
			buildSettings = {
				ALWAYS_SEARCH_USER_PATHS = NO;
				CLANG_ANALYZER_NONNULL = YES;
				CLANG_ANALYZER_NUMBER_OBJECT_CONVERSION = YES_AGGRESSIVE;
				CLANG_CXX_LANGUAGE_STANDARD = "gnu++17";
				CLANG_CXX_LIBRARY = "libc++";
				CLANG_ENABLE_MODULES = YES;
				CLANG_ENABLE_OBJC_ARC = YES;
				CLANG_ENABLE_OBJC_WEAK = YES;
				CLANG_WARN_BLOCK_CAPTURE_AUTORELEASING = YES;
				CLANG_WARN_BOOL_CONVERSION = YES;
				CLANG_WARN_COMMA = YES;
				CLANG_WARN_CONSTANT_CONVERSION = YES;
				CLANG_WARN_DEPRECATED_OBJC_IMPLEMENTATIONS = YES;
				CLANG_WARN_DIRECT_OBJC_ISA_USAGE = YES_ERROR;
				CLANG_WARN_DOCUMENTATION_COMMENTS = YES;
				CLANG_WARN_EMPTY_BODY = YES;
				CLANG_WARN_ENUM_CONVERSION = YES;
				CLANG_WARN_INFINITE_RECURSION = YES;
				CLANG_WARN_INT_CONVERSION = YES;
				CLANG_WARN_NON_LITERAL_NULL_CONVERSION = YES;
				CLANG_WARN_OBJC_IMPLICIT_RETAIN_SELF = YES;
				CLANG_WARN_OBJC_LITERAL_CONVERSION = YES;
				CLANG_WARN_OBJC_ROOT_CLASS = YES_ERROR;
				CLANG_WARN_QUOTED_INCLUDE_IN_FRAMEWORK_HEADER = YES;
				CLANG_WARN_RANGE_LOOP_ANALYSIS = YES;
				CLANG_WARN_STRICT_PROTOTYPES = YES;
				CLANG_WARN_SUSPICIOUS_MOVE = YES;
				CLANG_WARN_UNGUARDED_AVAILABILITY = YES_AGGRESSIVE;
				CLANG_WARN_UNREACHABLE_CODE = YES;
				CLANG_WARN__DUPLICATE_METHOD_MATCH = YES;
				COPY_PHASE_STRIP = NO;
				DEBUG_INFORMATION_FORMAT = "dwarf-with-dsym";
				ENABLE_NS_ASSERTIONS = NO;
				ENABLE_STRICT_OBJC_MSGSEND = YES;
				GCC_C_LANGUAGE_STANDARD = gnu11;
				GCC_NO_COMMON_BLOCKS = YES;
				GCC_WARN_64_TO_32_BIT_CONVERSION = YES;
				GCC_WARN_ABOUT_RETURN_TYPE = YES_ERROR;
				GCC_WARN_UNDECLARED_SELECTOR = YES;
				GCC_WARN_UNINITIALIZED_AUTOS = YES_AGGRESSIVE;
				GCC_WARN_UNUSED_FUNCTION = YES;
				GCC_WARN_UNUSED_VARIABLE = YES;
				IPHONEOS_DEPLOYMENT_TARGET = 15.2;
				MTL_ENABLE_DEBUG_INFO = NO;
				MTL_FAST_MATH = YES;
				SDKROOT = iphoneos;
				SWIFT_COMPILATION_MODE = wholemodule;
				SWIFT_OPTIMIZATION_LEVEL = "-O";
				VALIDATE_PRODUCT = YES;
			};
			name = Release;
		};
		6D511319276E1694009C01B1 /* Debug */ = {
			isa = XCBuildConfiguration;
			buildSettings = {
				ASSETCATALOG_COMPILER_APPICON_NAME = AppIcon;
				ASSETCATALOG_COMPILER_GLOBAL_ACCENT_COLOR_NAME = AccentColor;
				CODE_SIGN_STYLE = Automatic;
				CURRENT_PROJECT_VERSION = 1;
				DEVELOPMENT_TEAM = KK9GF9S9VR;
				GENERATE_INFOPLIST_FILE = YES;
				INFOPLIST_FILE = LogInLogOut/App/Info.plist;
				INFOPLIST_KEY_UIApplicationSupportsIndirectInputEvents = YES;
				INFOPLIST_KEY_UILaunchStoryboardName = LaunchScreen;
				INFOPLIST_KEY_UIMainStoryboardFile = Main;
				INFOPLIST_KEY_UISupportedInterfaceOrientations_iPad = "UIInterfaceOrientationPortrait UIInterfaceOrientationPortraitUpsideDown UIInterfaceOrientationLandscapeLeft UIInterfaceOrientationLandscapeRight";
				INFOPLIST_KEY_UISupportedInterfaceOrientations_iPhone = "UIInterfaceOrientationPortrait UIInterfaceOrientationLandscapeLeft UIInterfaceOrientationLandscapeRight";
				LD_RUNPATH_SEARCH_PATHS = (
					"$(inherited)",
					"@executable_path/Frameworks",
				);
				MARKETING_VERSION = 1.0;
				PRODUCT_BUNDLE_IDENTIFIER = com.Andy.LogInLogOut;
				PRODUCT_NAME = "$(TARGET_NAME)";
				SWIFT_EMIT_LOC_STRINGS = YES;
				SWIFT_VERSION = 5.0;
				TARGETED_DEVICE_FAMILY = 1;
			};
			name = Debug;
		};
		6D51131A276E1694009C01B1 /* Release */ = {
			isa = XCBuildConfiguration;
			buildSettings = {
				ASSETCATALOG_COMPILER_APPICON_NAME = AppIcon;
				ASSETCATALOG_COMPILER_GLOBAL_ACCENT_COLOR_NAME = AccentColor;
				CODE_SIGN_STYLE = Automatic;
				CURRENT_PROJECT_VERSION = 1;
				DEVELOPMENT_TEAM = KK9GF9S9VR;
				GENERATE_INFOPLIST_FILE = YES;
				INFOPLIST_FILE = LogInLogOut/App/Info.plist;
				INFOPLIST_KEY_UIApplicationSupportsIndirectInputEvents = YES;
				INFOPLIST_KEY_UILaunchStoryboardName = LaunchScreen;
				INFOPLIST_KEY_UIMainStoryboardFile = Main;
				INFOPLIST_KEY_UISupportedInterfaceOrientations_iPad = "UIInterfaceOrientationPortrait UIInterfaceOrientationPortraitUpsideDown UIInterfaceOrientationLandscapeLeft UIInterfaceOrientationLandscapeRight";
				INFOPLIST_KEY_UISupportedInterfaceOrientations_iPhone = "UIInterfaceOrientationPortrait UIInterfaceOrientationLandscapeLeft UIInterfaceOrientationLandscapeRight";
				LD_RUNPATH_SEARCH_PATHS = (
					"$(inherited)",
					"@executable_path/Frameworks",
				);
				MARKETING_VERSION = 1.0;
				PRODUCT_BUNDLE_IDENTIFIER = com.Andy.LogInLogOut;
				PRODUCT_NAME = "$(TARGET_NAME)";
				SWIFT_EMIT_LOC_STRINGS = YES;
				SWIFT_VERSION = 5.0;
				TARGETED_DEVICE_FAMILY = 1;
			};
			name = Release;
		};
/* End XCBuildConfiguration section */

/* Begin XCConfigurationList section */
		6D5112FF276E1692009C01B1 /* Build configuration list for PBXProject "LogInLogOut" */ = {
			isa = XCConfigurationList;
			buildConfigurations = (
				6D511316276E1694009C01B1 /* Debug */,
				6D511317276E1694009C01B1 /* Release */,
			);
			defaultConfigurationIsVisible = 0;
			defaultConfigurationName = Release;
		};
		6D511318276E1694009C01B1 /* Build configuration list for PBXNativeTarget "LogInLogOut" */ = {
			isa = XCConfigurationList;
			buildConfigurations = (
				6D511319276E1694009C01B1 /* Debug */,
				6D51131A276E1694009C01B1 /* Release */,
			);
			defaultConfigurationIsVisible = 0;
			defaultConfigurationName = Release;
		};
/* End XCConfigurationList section */
	};
	rootObject = 6D5112FC276E1692009C01B1 /* Project object */;
}
